
Microsoft Visual Studio Solution File, Format Version 12.00
# Visual Studio Version 16
VisualStudioVersion = 25.0.1704.1
MinimumVisualStudioVersion = 10.0.40219.1
Project("{FAE04EC0-301F-11D3-BF4B-00C04F79EFBC}") = "t4m", "t4m\t4m.csproj", "{AA6A3A82-EBBC-4E3A-9C75-088B35A14ABE}"
EndProject
Global
	GlobalSection(SolutionConfigurationPlatforms) = preSolution
		Debug|Any CPU = Debug|Any CPU
		Release|Any CPU = Release|Any CPU
	EndGlobalSection
	GlobalSection(ProjectConfigurationPlatforms) = postSolution
		{AA6A3A82-EBBC-4E3A-9C75-088B35A14ABE}.Debug|Any CPU.ActiveCfg = Debug|Any CPU
		{AA6A3A82-EBBC-4E3A-9C75-088B35A14ABE}.Debug|Any CPU.Build.0 = Debug|Any CPU
		{AA6A3A82-EBBC-4E3A-9C75-088B35A14ABE}.Release|Any CPU.ActiveCfg = Release|Any CPU
		{AA6A3A82-EBBC-4E3A-9C75-088B35A14ABE}.Release|Any CPU.Build.0 = Release|Any CPU
	EndGlobalSection
	GlobalSection(SolutionProperties) = preSolution
		HideSolutionNode = FALSE
	EndGlobalSection
	GlobalSection(ExtensibilityGlobals) = postSolution
		SolutionGuid = {F4C4B510-A7D7-4158-8069-1974F2CD5696}
	EndGlobalSection
EndGlobal
